
Microsoft Visual Studio Solution File, Format Version 12.00
# Visual Studio Version 16
VisualStudioVersion = 16.0.30717.126
MinimumVisualStudioVersion = 10.0.40219.1
Project("{FAE04EC0-301F-11D3-BF4B-00C04F79EFBC}") = "MS-GRAPH-APP", "MS-GRAPH-APP\MS-GRAPH-APP.csproj", "{4322C2AA-D2E2-4820-A2CE-96C36FA0C6D2}"
EndProject
Project("{FAE04EC0-301F-11D3-BF4B-00C04F79EFBC}") = "MS-GRAPH-APP.SharePoint", "MS-GRAPH-APP.SharePoint\MS-GRAPH-APP.SharePoint.csproj", "{B35DE781-3E29-4690-9778-C95F221A1E23}"
EndProject
Global
	GlobalSection(SolutionConfigurationPlatforms) = preSolution
		Debug|Any CPU = Debug|Any CPU
		Release|Any CPU = Release|Any CPU
	EndGlobalSection
	GlobalSection(ProjectConfigurationPlatforms) = postSolution
		{4322C2AA-D2E2-4820-A2CE-96C36FA0C6D2}.Debug|Any CPU.ActiveCfg = Debug|Any CPU
		{4322C2AA-D2E2-4820-A2CE-96C36FA0C6D2}.Debug|Any CPU.Build.0 = Debug|Any CPU
		{4322C2AA-D2E2-4820-A2CE-96C36FA0C6D2}.Release|Any CPU.ActiveCfg = Release|Any CPU
		{4322C2AA-D2E2-4820-A2CE-96C36FA0C6D2}.Release|Any CPU.Build.0 = Release|Any CPU
		{B35DE781-3E29-4690-9778-C95F221A1E23}.Debug|Any CPU.ActiveCfg = Debug|Any CPU
		{B35DE781-3E29-4690-9778-C95F221A1E23}.Debug|Any CPU.Build.0 = Debug|Any CPU
		{B35DE781-3E29-4690-9778-C95F221A1E23}.Release|Any CPU.ActiveCfg = Release|Any CPU
		{B35DE781-3E29-4690-9778-C95F221A1E23}.Release|Any CPU.Build.0 = Release|Any CPU
	EndGlobalSection
	GlobalSection(SolutionProperties) = preSolution
		HideSolutionNode = FALSE
	EndGlobalSection
	GlobalSection(ExtensibilityGlobals) = postSolution
		SolutionGuid = {00A96782-98A7-41E7-A605-49707810EE31}
	EndGlobalSection
EndGlobal
